
Microsoft Visual Studio Solution File, Format Version 12.00
# Visual Studio Version 16
VisualStudioVersion = 16.0.29926.136
MinimumVisualStudioVersion = 10.0.40219.1
Project("{FAE04EC0-301F-11D3-BF4B-00C04F79EFBC}") = "CTO Simulator", "CTO Simulator.csproj", "{12BF850D-2D99-495A-8A5F-456621EED040}"
EndProject
Global
	GlobalSection(SolutionConfigurationPlatforms) = preSolution
		Debug|Any CPU = Debug|Any CPU
		Release|Any CPU = Release|Any CPU
	EndGlobalSection
	GlobalSection(ProjectConfigurationPlatforms) = postSolution
		{12BF850D-2D99-495A-8A5F-456621EED040}.Debug|Any CPU.ActiveCfg = Debug|Any CPU
		{12BF850D-2D99-495A-8A5F-456621EED040}.Debug|Any CPU.Build.0 = Debug|Any CPU
		{12BF850D-2D99-495A-8A5F-456621EED040}.Release|Any CPU.ActiveCfg = Release|Any CPU
		{12BF850D-2D99-495A-8A5F-456621EED040}.Release|Any CPU.Build.0 = Release|Any CPU
	EndGlobalSection
	GlobalSection(SolutionProperties) = preSolution
		HideSolutionNode = FALSE
	EndGlobalSection
	GlobalSection(ExtensibilityGlobals) = postSolution
		SolutionGuid = {DC30BCB0-3C0E-4731-BB4E-0ACD247CE236}
	EndGlobalSection
EndGlobal
